// !$*UTF8*$!
{
	archiveVersion = 1;
	classes = {
	};
	objectVersion = 46;
	objects = {

/* Begin PBXBuildFile section */
		00CB94A21892AD9F000C093B /* main.cpp in Sources */ = {isa = PBXBuildFile; fileRef = 00CB94A11892AD9F000C093B /* main.cpp */; };
		00CB94A51892AD9F000C093B /* cute_image.jpg in Resources */ = {isa = PBXBuildFile; fileRef = 00CB94A41892AD9F000C093B /* cute_image.jpg */; };
		00CB94A71892AD9F000C093B /* nice_music.ogg in Resources */ = {isa = PBXBuildFile; fileRef = 00CB94A61892AD9F000C093B /* nice_music.ogg */; };
		00CB94A91892AD9F000C093B /* sansation.ttf in Resources */ = {isa = PBXBuildFile; fileRef = 00CB94A81892AD9F000C093B /* sansation.ttf */; };
		00CB94AB1892AD9F000C093B /* icon.png in Resources */ = {isa = PBXBuildFile; fileRef = 00CB94AA1892AD9F000C093B /* icon.png */; };
		00CB94BA1892AE75000C093B /* CreditState.cpp in Sources */ = {isa = PBXBuildFile; fileRef = 00CB94B31892AE75000C093B /* CreditState.cpp */; };
		00CB94BB1892AE75000C093B /* Engine.cpp in Sources */ = {isa = PBXBuildFile; fileRef = 00CB94B41892AE75000C093B /* Engine.cpp */; };
		00CB94BC1892AE75000C093B /* GameState.cpp in Sources */ = {isa = PBXBuildFile; fileRef = 00CB94B51892AE75000C093B /* GameState.cpp */; };
		00CB94BD1892AE75000C093B /* OptionsState.cpp in Sources */ = {isa = PBXBuildFile; fileRef = 00CB94B61892AE75000C093B /* OptionsState.cpp */; };
		00CB94BE1892AE75000C093B /* StartMenuState.cpp in Sources */ = {isa = PBXBuildFile; fileRef = 00CB94B71892AE75000C093B /* StartMenuState.cpp */; };
		00CB94BF1892AE75000C093B /* State.cpp in Sources */ = {isa = PBXBuildFile; fileRef = 00CB94B81892AE75000C093B /* State.cpp */; };
		00CB94C01892AE75000C093B /* StateManager.cpp in Sources */ = {isa = PBXBuildFile; fileRef = 00CB94B91892AE75000C093B /* StateManager.cpp */; };
/* End PBXBuildFile section */

/* Begin PBXFileReference section */
		00CB94991892AD9F000C093B /* Escape_V2.app */ = {isa = PBXFileReference; explicitFileType = wrapper.application; includeInIndex = 0; path = Escape_V2.app; sourceTree = BUILT_PRODUCTS_DIR; };
		00CB949D1892AD9F000C093B /* Escape_V2-Info.plist */ = {isa = PBXFileReference; lastKnownFileType = text.plist.xml; path = "Escape_V2-Info.plist"; sourceTree = "<group>"; };
		00CB94A11892AD9F000C093B /* main.cpp */ = {isa = PBXFileReference; lastKnownFileType = sourcecode.cpp.cpp; path = main.cpp; sourceTree = "<group>"; };
		00CB94A41892AD9F000C093B /* cute_image.jpg */ = {isa = PBXFileReference; lastKnownFileType = image.jpeg; path = cute_image.jpg; sourceTree = "<group>"; };
		00CB94A61892AD9F000C093B /* nice_music.ogg */ = {isa = PBXFileReference; lastKnownFileType = file; path = nice_music.ogg; sourceTree = "<group>"; };
		00CB94A81892AD9F000C093B /* sansation.ttf */ = {isa = PBXFileReference; lastKnownFileType = file; path = sansation.ttf; sourceTree = "<group>"; };
		00CB94AA1892AD9F000C093B /* icon.png */ = {isa = PBXFileReference; lastKnownFileType = image.png; path = icon.png; sourceTree = "<group>"; };
		00CB94B31892AE75000C093B /* CreditState.cpp */ = {isa = PBXFileReference; fileEncoding = 4; lastKnownFileType = sourcecode.cpp.cpp; path = CreditState.cpp; sourceTree = "<group>"; };
		00CB94B41892AE75000C093B /* Engine.cpp */ = {isa = PBXFileReference; fileEncoding = 4; lastKnownFileType = sourcecode.cpp.cpp; path = Engine.cpp; sourceTree = "<group>"; };
		00CB94B51892AE75000C093B /* GameState.cpp */ = {isa = PBXFileReference; fileEncoding = 4; lastKnownFileType = sourcecode.cpp.cpp; path = GameState.cpp; sourceTree = "<group>"; };
		00CB94B61892AE75000C093B /* OptionsState.cpp */ = {isa = PBXFileReference; fileEncoding = 4; lastKnownFileType = sourcecode.cpp.cpp; path = OptionsState.cpp; sourceTree = "<group>"; };
		00CB94B71892AE75000C093B /* StartMenuState.cpp */ = {isa = PBXFileReference; fileEncoding = 4; lastKnownFileType = sourcecode.cpp.cpp; path = StartMenuState.cpp; sourceTree = "<group>"; };
		00CB94B81892AE75000C093B /* State.cpp */ = {isa = PBXFileReference; fileEncoding = 4; lastKnownFileType = sourcecode.cpp.cpp; path = State.cpp; sourceTree = "<group>"; };
		00CB94B91892AE75000C093B /* StateManager.cpp */ = {isa = PBXFileReference; fileEncoding = 4; lastKnownFileType = sourcecode.cpp.cpp; path = StateManager.cpp; sourceTree = "<group>"; };
		00CB94C11892AE97000C093B /* CreditState.h */ = {isa = PBXFileReference; fileEncoding = 4; lastKnownFileType = sourcecode.c.h; path = CreditState.h; sourceTree = "<group>"; };
		00CB94C21892AE97000C093B /* Engine.h */ = {isa = PBXFileReference; fileEncoding = 4; lastKnownFileType = sourcecode.c.h; path = Engine.h; sourceTree = "<group>"; };
		00CB94C31892AE97000C093B /* GameState.h */ = {isa = PBXFileReference; fileEncoding = 4; lastKnownFileType = sourcecode.c.h; path = GameState.h; sourceTree = "<group>"; };
		00CB94C41892AE97000C093B /* OptionsState.h */ = {isa = PBXFileReference; fileEncoding = 4; lastKnownFileType = sourcecode.c.h; path = OptionsState.h; sourceTree = "<group>"; };
		00CB94C51892AE97000C093B /* StartMenuState.h */ = {isa = PBXFileReference; fileEncoding = 4; lastKnownFileType = sourcecode.c.h; path = StartMenuState.h; sourceTree = "<group>"; };
		00CB94C61892AE97000C093B /* State.h */ = {isa = PBXFileReference; fileEncoding = 4; lastKnownFileType = sourcecode.c.h; path = State.h; sourceTree = "<group>"; };
		00CB94C71892AE97000C093B /* Statemanager.h */ = {isa = PBXFileReference; fileEncoding = 4; lastKnownFileType = sourcecode.c.h; path = Statemanager.h; sourceTree = "<group>"; };
/* End PBXFileReference section */

/* Begin PBXFrameworksBuildPhase section */
		00CB94951892AD9F000C093B /* Frameworks */ = {
			isa = PBXFrameworksBuildPhase;
			buildActionMask = 2147483647;
			files = (
			);
			runOnlyForDeploymentPostprocessing = 0;
		};
/* End PBXFrameworksBuildPhase section */

/* Begin PBXGroup section */
		00CB948F1892AD9F000C093B = {
			isa = PBXGroup;
			children = (
				00CB949B1892AD9F000C093B /* Escape_V2 */,
				00CB949A1892AD9F000C093B /* Products */,
			);
			sourceTree = "<group>";
		};
		00CB949A1892AD9F000C093B /* Products */ = {
			isa = PBXGroup;
			children = (
				00CB94991892AD9F000C093B /* Escape_V2.app */,
			);
			name = Products;
			sourceTree = "<group>";
		};
		00CB949B1892AD9F000C093B /* Escape_V2 */ = {
			isa = PBXGroup;
			children = (
				00CB94B21892AE3E000C093B /* Sources */,
				00CB94B11892AE1B000C093B /* Headers */,
				00CB94A31892AD9F000C093B /* Resources */,
				00CB949C1892AD9F000C093B /* Supporting Files */,
			);
			path = Escape_V2;
			sourceTree = "<group>";
		};
		00CB949C1892AD9F000C093B /* Supporting Files */ = {
			isa = PBXGroup;
			children = (
				00CB949D1892AD9F000C093B /* Escape_V2-Info.plist */,
			);
			name = "Supporting Files";
			sourceTree = "<group>";
		};
		00CB94A31892AD9F000C093B /* Resources */ = {
			isa = PBXGroup;
			children = (
				00CB94A41892AD9F000C093B /* cute_image.jpg */,
				00CB94A61892AD9F000C093B /* nice_music.ogg */,
				00CB94A81892AD9F000C093B /* sansation.ttf */,
				00CB94AA1892AD9F000C093B /* icon.png */,
			);
			name = Resources;
			sourceTree = "<group>";
		};
		00CB94B11892AE1B000C093B /* Headers */ = {
			isa = PBXGroup;
			children = (
				00CB94C11892AE97000C093B /* CreditState.h */,
				00CB94C21892AE97000C093B /* Engine.h */,
				00CB94C31892AE97000C093B /* GameState.h */,
				00CB94C41892AE97000C093B /* OptionsState.h */,
				00CB94C51892AE97000C093B /* StartMenuState.h */,
				00CB94C61892AE97000C093B /* State.h */,
				00CB94C71892AE97000C093B /* Statemanager.h */,
			);
			name = Headers;
			sourceTree = "<group>";
		};
		00CB94B21892AE3E000C093B /* Sources */ = {
			isa = PBXGroup;
			children = (
				00CB94B31892AE75000C093B /* CreditState.cpp */,
				00CB94B41892AE75000C093B /* Engine.cpp */,
				00CB94B51892AE75000C093B /* GameState.cpp */,
				00CB94B61892AE75000C093B /* OptionsState.cpp */,
				00CB94B71892AE75000C093B /* StartMenuState.cpp */,
				00CB94B81892AE75000C093B /* State.cpp */,
				00CB94B91892AE75000C093B /* StateManager.cpp */,
				00CB94A11892AD9F000C093B /* main.cpp */,
			);
			name = Sources;
			sourceTree = "<group>";
		};
/* End PBXGroup section */

/* Begin PBXNativeTarget section */
		00CB94981892AD9F000C093B /* Escape_V2 */ = {
			isa = PBXNativeTarget;
			buildConfigurationList = 00CB94AE1892AD9F000C093B /* Build configuration list for PBXNativeTarget "Escape_V2" */;
			buildPhases = (
				00CB94941892AD9F000C093B /* Sources */,
				00CB94951892AD9F000C093B /* Frameworks */,
				00CB94961892AD9F000C093B /* Resources */,
				00CB94971892AD9F000C093B /* ShellScript */,
			);
			buildRules = (
			);
			dependencies = (
			);
			name = Escape_V2;
			productName = Escape_V2;
			productReference = 00CB94991892AD9F000C093B /* Escape_V2.app */;
			productType = "com.apple.product-type.application";
		};
/* End PBXNativeTarget section */

/* Begin PBXProject section */
		00CB94901892AD9F000C093B /* Project object */ = {
			isa = PBXProject;
			attributes = {
				LastUpgradeCheck = 0500;
				ORGANIZATIONNAME = "Robin AB";
			};
			buildConfigurationList = 00CB94931892AD9F000C093B /* Build configuration list for PBXProject "Escape_V2" */;
			compatibilityVersion = "Xcode 3.2";
			developmentRegion = English;
			hasScannedForEncodings = 0;
			knownRegions = (
				en,
			);
			mainGroup = 00CB948F1892AD9F000C093B;
			productRefGroup = 00CB949A1892AD9F000C093B /* Products */;
			projectDirPath = "";
			projectRoot = "";
			targets = (
				00CB94981892AD9F000C093B /* Escape_V2 */,
			);
		};
/* End PBXProject section */

/* Begin PBXResourcesBuildPhase section */
		00CB94961892AD9F000C093B /* Resources */ = {
			isa = PBXResourcesBuildPhase;
			buildActionMask = 2147483647;
			files = (
				00CB94AB1892AD9F000C093B /* icon.png in Resources */,
				00CB94A91892AD9F000C093B /* sansation.ttf in Resources */,
				00CB94A71892AD9F000C093B /* nice_music.ogg in Resources */,
				00CB94A51892AD9F000C093B /* cute_image.jpg in Resources */,
			);
			runOnlyForDeploymentPostprocessing = 0;
		};
/* End PBXResourcesBuildPhase section */

/* Begin PBXShellScriptBuildPhase section */
		00CB94971892AD9F000C093B /* ShellScript */ = {
			isa = PBXShellScriptBuildPhase;
			buildActionMask = 2147483647;
			files = (
			);
			inputPaths = (
			);
			outputPaths = (
			);
			runOnlyForDeploymentPostprocessing = 0;
			shellPath = /bin/sh;
			shellScript = "# This shell script simply copies required sfml dylibs/frameworks into the application bundle frameworks folder.\n# If you're using static libraries (which is not recommended) you should remove this script from your project.\n\n# Are we building a project that uses framework or dylibs ?\ncase \"$SFML_BINARY_TYPE\" in\n    DYLIBS)\n        frameworks=\"false\"\n        ;;\n    *)\n        frameworks=\"true\"\n        ;;\nesac\n\n# Echoes to stderr\nerror () # $* message to display\n{\n    echo $* 1>&2\n    exit 2\n}\n\nassert () # $1 is a boolean, $2...N is an error message\n{\n    if [ $# -lt 2 ]\n    then\n        error \"Internal error in assert : not enough args\"\n    fi\n\n    if [ $1 -ne 0 ]\n    then\n        shift\n        error \"$*\"\n    fi\n}\n\nforce_remove () # $1 is a path\n{\n    test $# -eq 1\n    assert $? \"force_remove() requires one parameter\"\n    rm -fr \"$1\"\n    assert $? \"couldn't remove $1\"\n}\n\ncopy () # $1 is a source, $2 is a destination\n{\n    test $# -eq 2\n    assert $? \"copy() requires two parameters\"\n    ditto \"$1\" \"$2\"\n    assert $? \"couldn't copy $1 to $2\"\n}\n\nrequire () # $1 is a SFML module like 'system' or 'audio'\n{\n    dest=\"$BUILT_PRODUCTS_DIR/$PRODUCT_NAME.app/Contents/Frameworks\"\n\n    if [ -z \"$1\" ]\n    then\n        error \"require() requires one parameter!\"\n    else\n        # clean potentially old stuff\n        force_remove \"$dest/libsfml-$1.2.dylib\"\n        force_remove \"$dest/libsfml-$1-d.2.dylib\"\n        force_remove \"$dest/sfml-$1.framework\"\n\n        # copy SFML libraries\n        if [ \"$frameworks\" = \"true\" ]\n        then\n            copy \"/Library/Frameworks/sfml-$1.framework\" \"$dest/sfml-$1.framework\"\n        elif [ \"$SFML_LINK_DYLIBS_SUFFIX\" = \"-d\" ]\n        then\n            copy \"/usr/local/lib/libsfml-$1-d.2.dylib\" \"$dest/libsfml-$1-d.2.dylib\"\n        else\n            copy \"/usr/local/lib/libsfml-$1.2.dylib\" \"$dest/libsfml-$1.2.dylib\"\n        fi\n\n        if [ \"$1\" = \"audio\" ]\n        then\n            # copy sndfile framework too\n            copy \"/Library/Frameworks/sndfile.framework\" \"$dest/sndfile.framework\"\n        fi\n\n        if [ \"$1\" = \"graphics\" ]\n        then\n            # copy freetype framework too\n            copy \"/Library/Frameworks/freetype.framework\" \"$dest/freetype.framework\"\n        fi\n    fi\n}\n\nif [ -n \"$SFML_SYSTEM\" ]\nthen\n    require \"system\"\nfi\n\nif [ -n \"$SFML_AUDIO\" ]\nthen\n    require \"audio\"\nfi\n\nif [ -n \"$SFML_NETWORK\" ]\nthen\n    require \"network\"\nfi\n\nif [ -n \"$SFML_WINDOW\" ]\nthen\n    require \"window\"\nfi\n\nif [ -n \"$SFML_GRAPHICS\" ]\nthen\n    require \"graphics\"\nfi\n\n                ";
		};
/* End PBXShellScriptBuildPhase section */

/* Begin PBXSourcesBuildPhase section */
		00CB94941892AD9F000C093B /* Sources */ = {
			isa = PBXSourcesBuildPhase;
			buildActionMask = 2147483647;
			files = (
				00CB94BD1892AE75000C093B /* OptionsState.cpp in Sources */,
				00CB94BA1892AE75000C093B /* CreditState.cpp in Sources */,
				00CB94BC1892AE75000C093B /* GameState.cpp in Sources */,
				00CB94BB1892AE75000C093B /* Engine.cpp in Sources */,
				00CB94BF1892AE75000C093B /* State.cpp in Sources */,
				00CB94C01892AE75000C093B /* StateManager.cpp in Sources */,
				00CB94A21892AD9F000C093B /* main.cpp in Sources */,
				00CB94BE1892AE75000C093B /* StartMenuState.cpp in Sources */,
			);
			runOnlyForDeploymentPostprocessing = 0;
		};
/* End PBXSourcesBuildPhase section */

/* Begin XCBuildConfiguration section */
		00CB94AC1892AD9F000C093B /* Debug */ = {
			isa = XCBuildConfiguration;
			buildSettings = {
				ARCHS = "$(ARCHS_STANDARD_32_BIT)";
				CLANG_CXX_LANGUAGE_STANDARD = "c++0x";
				CLANG_CXX_LIBRARY = "libc++";
				CLANG_WARN_EMPTY_BODY = YES;
				CLANG_WARN__DUPLICATE_METHOD_MATCH = YES;
				FRAMEWORK_SEARCH_PATHS = (
					/Library/Frameworks/,
					"$(inherited)",
				);
				GCC_OPTIMIZATION_LEVEL = 0;
				GCC_PREPROCESSOR_DEFINITIONS = (
					"DEBUG=1",
					"$(inherited)",
				);
				GCC_VERSION = com.apple.compilers.llvm.clang.1_0;
				GCC_WARN_ABOUT_RETURN_TYPE = YES;
				GCC_WARN_UNINITIALIZED_AUTOS = YES;
				GCC_WARN_UNUSED_VARIABLE = YES;
				HEADER_SEARCH_PATHS = (
					/usr/local/include/,
					"$(inherited)",
				);
				LIBRARY_SEARCH_PATHS = (
					/usr/local/lib/,
					"$(inherited)",
				);
				ONLY_ACTIVE_ARCH = NO;
				OTHER_LDFLAGS = (
					"$(inherited)",
					"$(SFML_SYSTEM)",
					"$(SFML_WINDOW)",
					"$(SFML_GRAPHICS)",
					"$(SFML_AUDIO)",
					"$(SFML_NETWORK)",
				);
				SFML_AUDIO = "$(SFML_LINK_PREFIX) sfml-audio$(SFML_LINK_SUFFIX)";
				SFML_BINARY_TYPE = DYLIBS;
				SFML_GRAPHICS = "$(SFML_LINK_PREFIX) sfml-graphics$(SFML_LINK_SUFFIX)";
				SFML_LINK_DYLIBS_PREFIX = "-l";
				SFML_LINK_DYLIBS_SUFFIX = "";
				SFML_LINK_FRAMEWORKS_PREFIX = "-framework";
				SFML_LINK_FRAMEWORKS_SUFFIX = "";
				SFML_LINK_PREFIX = "$(SFML_LINK_$(SFML_BINARY_TYPE)_PREFIX)";
				SFML_LINK_SUFFIX = "$(SFML_LINK_$(SFML_BINARY_TYPE)_SUFFIX)";
				SFML_NETWORK = "$(SFML_LINK_PREFIX) sfml-network$(SFML_LINK_SUFFIX)";
				SFML_SYSTEM = "$(SFML_LINK_PREFIX) sfml-system$(SFML_LINK_SUFFIX)";
				SFML_WINDOW = "$(SFML_LINK_PREFIX) sfml-window$(SFML_LINK_SUFFIX)";
				SUPPORTED_PLATFORMS = macosx;
			};
			name = Debug;
		};
		00CB94AD1892AD9F000C093B /* Release */ = {
			isa = XCBuildConfiguration;
			buildSettings = {
				ARCHS = "$(ARCHS_STANDARD_32_BIT)";
				CLANG_CXX_LANGUAGE_STANDARD = "c++0x";
				CLANG_CXX_LIBRARY = "libc++";
				CLANG_WARN_EMPTY_BODY = YES;
				CLANG_WARN__DUPLICATE_METHOD_MATCH = YES;
				COPY_PHASE_STRIP = YES;
				FRAMEWORK_SEARCH_PATHS = (
					/Library/Frameworks/,
					"$(inherited)",
				);
				GCC_VERSION = com.apple.compilers.llvm.clang.1_0;
				GCC_WARN_ABOUT_RETURN_TYPE = YES;
				GCC_WARN_UNINITIALIZED_AUTOS = YES;
				GCC_WARN_UNUSED_VARIABLE = YES;
				HEADER_SEARCH_PATHS = (
					/usr/local/include/,
					"$(inherited)",
				);
				LIBRARY_SEARCH_PATHS = (
					/usr/local/lib/,
					"$(inherited)",
				);
				ONLY_ACTIVE_ARCH = NO;
				OTHER_LDFLAGS = (
					"$(inherited)",
					"$(SFML_SYSTEM)",
					"$(SFML_WINDOW)",
					"$(SFML_GRAPHICS)",
					"$(SFML_AUDIO)",
					"$(SFML_NETWORK)",
				);
				SFML_AUDIO = "$(SFML_LINK_PREFIX) sfml-audio$(SFML_LINK_SUFFIX)";
				SFML_BINARY_TYPE = DYLIBS;
				SFML_GRAPHICS = "$(SFML_LINK_PREFIX) sfml-graphics$(SFML_LINK_SUFFIX)";
				SFML_LINK_DYLIBS_PREFIX = "-l";
				SFML_LINK_DYLIBS_SUFFIX = "";
				SFML_LINK_FRAMEWORKS_PREFIX = "-framework";
				SFML_LINK_FRAMEWORKS_SUFFIX = "";
				SFML_LINK_PREFIX = "$(SFML_LINK_$(SFML_BINARY_TYPE)_PREFIX)";
				SFML_LINK_SUFFIX = "$(SFML_LINK_$(SFML_BINARY_TYPE)_SUFFIX)";
				SFML_NETWORK = "$(SFML_LINK_PREFIX) sfml-network$(SFML_LINK_SUFFIX)";
				SFML_SYSTEM = "$(SFML_LINK_PREFIX) sfml-system$(SFML_LINK_SUFFIX)";
				SFML_WINDOW = "$(SFML_LINK_PREFIX) sfml-window$(SFML_LINK_SUFFIX)";
				SUPPORTED_PLATFORMS = macosx;
			};
			name = Release;
		};
		00CB94AF1892AD9F000C093B /* Debug */ = {
			isa = XCBuildConfiguration;
			buildSettings = {
				INFOPLIST_FILE = "Escape_V2/Escape_V2-Info.plist";
				PRODUCT_NAME = "$(TARGET_NAME)";
			};
			name = Debug;
		};
		00CB94B01892AD9F000C093B /* Release */ = {
			isa = XCBuildConfiguration;
			buildSettings = {
				INFOPLIST_FILE = "Escape_V2/Escape_V2-Info.plist";
				PRODUCT_NAME = "$(TARGET_NAME)";
			};
			name = Release;
		};
/* End XCBuildConfiguration section */

/* Begin XCConfigurationList section */
		00CB94931892AD9F000C093B /* Build configuration list for PBXProject "Escape_V2" */ = {
			isa = XCConfigurationList;
			buildConfigurations = (
				00CB94AC1892AD9F000C093B /* Debug */,
				00CB94AD1892AD9F000C093B /* Release */,
			);
			defaultConfigurationIsVisible = 0;
			defaultConfigurationName = Release;
		};
		00CB94AE1892AD9F000C093B /* Build configuration list for PBXNativeTarget "Escape_V2" */ = {
			isa = XCConfigurationList;
			buildConfigurations = (
				00CB94AF1892AD9F000C093B /* Debug */,
				00CB94B01892AD9F000C093B /* Release */,
			);
			defaultConfigurationIsVisible = 0;
			defaultConfigurationName = Release;
		};
/* End XCConfigurationList section */
	};
	rootObject = 00CB94901892AD9F000C093B /* Project object */;
}
